
Microsoft Visual Studio Solution File, Format Version 10.00
# Visual Studio 2008
Project("{FAE04EC0-301F-11D3-BF4B-00C04F79EFBC}") = "Test_LINQ", "Test_LINQ\Test_LINQ.csproj", "{25D60EE4-A7E6-440E-BDE0-448588AD045C}"
EndProject
Project("{FAE04EC0-301F-11D3-BF4B-00C04F79EFBC}") = "XMLToTreeView", "XMLToTreeView\XMLToTreeView.csproj", "{96ABE6A7-4B1F-4559-8523-131001B97A45}"
EndProject
Project("{FAE04EC0-301F-11D3-BF4B-00C04F79EFBC}") = "ByteArrayToString", "ByteArrayToString\ByteArrayToString.csproj", "{5B8A678E-9383-4CD1-949E-5AB89534CE14}"
EndProject
Project("{FAE04EC0-301F-11D3-BF4B-00C04F79EFBC}") = "LYZ_TextBoxShow", "LYZ_TextBoxShow\LYZ_TextBoxShow.csproj", "{D462F105-3C79-44DF-8BC6-37C1F4F4FC9E}"
EndProject
Project("{FAE04EC0-301F-11D3-BF4B-00C04F79EFBC}") = "UDP_ClientRecieve", "UDP_ClientRecieve\UDP_ClientRecieve.csproj", "{684ABD9C-F136-4A43-B2A0-9B88F1031C53}"
EndProject
Project("{FAE04EC0-301F-11D3-BF4B-00C04F79EFBC}") = "ListView_CheakBox", "ListView_CheakBox\ListView_CheakBox.csproj", "{FDEEE310-A872-4F5F-8F0F-5775A5585EB8}"
EndProject
Project("{FAE04EC0-301F-11D3-BF4B-00C04F79EFBC}") = "Test_HashTable", "Test_HashTable\Test_HashTable.csproj", "{C652D472-6B92-4A00-83DA-2836FCA1C545}"
EndProject
Project("{FAE04EC0-301F-11D3-BF4B-00C04F79EFBC}") = "PanelPicture", "PanelPicture\PanelPicture.csproj", "{79F2B873-B8CF-4BF3-A685-7F12F0BE85BE}"
EndProject
Project("{FAE04EC0-301F-11D3-BF4B-00C04F79EFBC}") = "ExensionMethod", "ExensionMethod\ExensionMethod.csproj", "{932721C5-E124-493F-8924-4E1D9C5F5845}"
EndProject
Project("{FAE04EC0-301F-11D3-BF4B-00C04F79EFBC}") = "DirectoryOperate", "DirectoryOperate\DirectoryOperate.csproj", "{51CA09BD-C84B-4637-8E6E-34B3D988B4B3}"
EndProject
Project("{FAE04EC0-301F-11D3-BF4B-00C04F79EFBC}") = "TcpClientTest", "TcpClientTest\TcpClientTest.csproj", "{E9C67289-49F2-4ADC-AE83-7461AA045343}"
EndProject
Project("{FAE04EC0-301F-11D3-BF4B-00C04F79EFBC}") = "MyTimeSpan", "MyTimeSpan\MyTimeSpan.csproj", "{58771235-CC0D-4D04-BE1A-F369518AD0F7}"
EndProject
Project("{FAE04EC0-301F-11D3-BF4B-00C04F79EFBC}") = "WaitHandle", "WaitHandle\WaitHandle.csproj", "{BC004422-CCA3-47BD-9B28-FAE930DFC8D1}"
EndProject
Project("{FAE04EC0-301F-11D3-BF4B-00C04F79EFBC}") = "BaseFunCall", "BaseFunCall\BaseFunCall.csproj", "{19FFCFFF-348F-4662-97D3-6409214724E0}"
EndProject
Project("{FAE04EC0-301F-11D3-BF4B-00C04F79EFBC}") = "ConsoleCallUI", "ConsoleCallUI\ConsoleCallUI.csproj", "{1C9A3414-660D-4A2D-A126-A22B6AFD6E69}"
EndProject
Project("{8BC9CEB8-8B4A-11D0-8D11-00A0C91BC942}") = "HelloWorld", "HelloWorld\HelloWorld.vcproj", "{31F66F50-EC8B-4A0D-A5EC-15D0B6A5A55C}"
EndProject
Project("{FAE04EC0-301F-11D3-BF4B-00C04F79EFBC}") = "InvokeUI", "InvokeUI\InvokeUI.csproj", "{1C61BCE8-F71A-4A64-9E1F-220214063329}"
EndProject
Project("{FAE04EC0-301F-11D3-BF4B-00C04F79EFBC}") = "LeetCode", "LeetCode\LeetCode.csproj", "{E9BDBBC8-8A4D-4E1C-A2B4-76BB61CF9631}"
EndProject
Project("{FAE04EC0-301F-11D3-BF4B-00C04F79EFBC}") = "SinglyLinkedList", "SinglyLinkedList\SinglyLinkedList.csproj", "{12657227-3AB5-4C6D-82C9-3DB9A3F3CD60}"
EndProject
Project("{8BC9CEB8-8B4A-11D0-8D11-00A0C91BC942}") = "TestConvert", "TestConvert\TestConvert.vcproj", "{196872DB-3227-497A-8C6A-3F3CB64AF1E7}"
EndProject
Project("{FAE04EC0-301F-11D3-BF4B-00C04F79EFBC}") = "XMLComments", "XMLComments\XMLComments.csproj", "{6AED2A8A-2000-4925-9426-1E7C86C98388}"
EndProject
Project("{FAE04EC0-301F-11D3-BF4B-00C04F79EFBC}") = "CellClicked", "CellClicked\CellClicked.csproj", "{44F82D42-ADB0-426F-A8B4-3E64460F4919}"
EndProject
Project("{FAE04EC0-301F-11D3-BF4B-00C04F79EFBC}") = "DataGridViewTest", "DataGridViewTest\DataGridViewTest.csproj", "{99D117D0-4420-4648-BBE0-649F3913393A}"
EndProject
Project("{FAE04EC0-301F-11D3-BF4B-00C04F79EFBC}") = "ListViewCombo", "ListViewCombo\ListViewCombo.csproj", "{C3F16F16-69C8-4B87-97B1-9671781E8A8B}"
EndProject
Project("{FAE04EC0-301F-11D3-BF4B-00C04F79EFBC}") = "MyListView", "MyListView\MyListView.csproj", "{C14D3913-3D08-4161-94D6-28601E30DC39}"
EndProject
Project("{FAE04EC0-301F-11D3-BF4B-00C04F79EFBC}") = "ListViewTB", "ListViewTB\ListViewTB.csproj", "{9AFBB912-2D00-437A-97D9-D8DBDAFA92A2}"
EndProject
Project("{FAE04EC0-301F-11D3-BF4B-00C04F79EFBC}") = "ListViewEX_Test", "ListViewEX_Test\ListViewEX_Test.csproj", "{87452E96-2B5F-4489-ADA9-632B6A25D4B9}"
EndProject
Project("{FAE04EC0-301F-11D3-BF4B-00C04F79EFBC}") = "GraphAlgorithm", "GraphAlgorithm\GraphAlgorithm.csproj", "{39780710-2C4C-4277-8DE7-667F72F18F86}"
EndProject
Project("{FAE04EC0-301F-11D3-BF4B-00C04F79EFBC}") = "MyLittleTest", "MyLittleTest\MyLittleTest.csproj", "{184822F4-07F4-45EE-BEB2-718F18A0092F}"
EndProject
Project("{FAE04EC0-301F-11D3-BF4B-00C04F79EFBC}") = "DataTable_Test", "DataTable_Test\DataTable_Test.csproj", "{D1C8A9F9-1AFF-401D-AC24-68A205873BE1}"
EndProject
Project("{FAE04EC0-301F-11D3-BF4B-00C04F79EFBC}") = "dataBindingTest", "dataBindingTest\dataBindingTest.csproj", "{93A40335-A8F1-4C86-95D1-8563DF96B093}"
EndProject
Global
	GlobalSection(SolutionConfigurationPlatforms) = preSolution
		Debug|Any CPU = Debug|Any CPU
		Debug|Mixed Platforms = Debug|Mixed Platforms
		Debug|Win32 = Debug|Win32
		Release|Any CPU = Release|Any CPU
		Release|Mixed Platforms = Release|Mixed Platforms
		Release|Win32 = Release|Win32
	EndGlobalSection
	GlobalSection(ProjectConfigurationPlatforms) = postSolution
		{25D60EE4-A7E6-440E-BDE0-448588AD045C}.Debug|Any CPU.ActiveCfg = Debug|Any CPU
		{25D60EE4-A7E6-440E-BDE0-448588AD045C}.Debug|Any CPU.Build.0 = Debug|Any CPU
		{25D60EE4-A7E6-440E-BDE0-448588AD045C}.Debug|Mixed Platforms.ActiveCfg = Debug|Any CPU
		{25D60EE4-A7E6-440E-BDE0-448588AD045C}.Debug|Mixed Platforms.Build.0 = Debug|Any CPU
		{25D60EE4-A7E6-440E-BDE0-448588AD045C}.Debug|Win32.ActiveCfg = Debug|Any CPU
		{25D60EE4-A7E6-440E-BDE0-448588AD045C}.Release|Any CPU.ActiveCfg = Release|Any CPU
		{25D60EE4-A7E6-440E-BDE0-448588AD045C}.Release|Any CPU.Build.0 = Release|Any CPU
		{25D60EE4-A7E6-440E-BDE0-448588AD045C}.Release|Mixed Platforms.ActiveCfg = Release|Any CPU
		{25D60EE4-A7E6-440E-BDE0-448588AD045C}.Release|Mixed Platforms.Build.0 = Release|Any CPU
		{25D60EE4-A7E6-440E-BDE0-448588AD045C}.Release|Win32.ActiveCfg = Release|Any CPU
		{96ABE6A7-4B1F-4559-8523-131001B97A45}.Debug|Any CPU.ActiveCfg = Debug|Any CPU
		{96ABE6A7-4B1F-4559-8523-131001B97A45}.Debug|Any CPU.Build.0 = Debug|Any CPU
		{96ABE6A7-4B1F-4559-8523-131001B97A45}.Debug|Mixed Platforms.ActiveCfg = Debug|Any CPU
		{96ABE6A7-4B1F-4559-8523-131001B97A45}.Debug|Mixed Platforms.Build.0 = Debug|Any CPU
		{96ABE6A7-4B1F-4559-8523-131001B97A45}.Debug|Win32.ActiveCfg = Debug|Any CPU
		{96ABE6A7-4B1F-4559-8523-131001B97A45}.Release|Any CPU.ActiveCfg = Release|Any CPU
		{96ABE6A7-4B1F-4559-8523-131001B97A45}.Release|Any CPU.Build.0 = Release|Any CPU
		{96ABE6A7-4B1F-4559-8523-131001B97A45}.Release|Mixed Platforms.ActiveCfg = Release|Any CPU
		{96ABE6A7-4B1F-4559-8523-131001B97A45}.Release|Mixed Platforms.Build.0 = Release|Any CPU
		{96ABE6A7-4B1F-4559-8523-131001B97A45}.Release|Win32.ActiveCfg = Release|Any CPU
		{5B8A678E-9383-4CD1-949E-5AB89534CE14}.Debug|Any CPU.ActiveCfg = Debug|Any CPU
		{5B8A678E-9383-4CD1-949E-5AB89534CE14}.Debug|Any CPU.Build.0 = Debug|Any CPU
		{5B8A678E-9383-4CD1-949E-5AB89534CE14}.Debug|Mixed Platforms.ActiveCfg = Debug|Any CPU
		{5B8A678E-9383-4CD1-949E-5AB89534CE14}.Debug|Mixed Platforms.Build.0 = Debug|Any CPU
		{5B8A678E-9383-4CD1-949E-5AB89534CE14}.Debug|Win32.ActiveCfg = Debug|Any CPU
		{5B8A678E-9383-4CD1-949E-5AB89534CE14}.Release|Any CPU.ActiveCfg = Release|Any CPU
		{5B8A678E-9383-4CD1-949E-5AB89534CE14}.Release|Any CPU.Build.0 = Release|Any CPU
		{5B8A678E-9383-4CD1-949E-5AB89534CE14}.Release|Mixed Platforms.ActiveCfg = Release|Any CPU
		{5B8A678E-9383-4CD1-949E-5AB89534CE14}.Release|Mixed Platforms.Build.0 = Release|Any CPU
		{5B8A678E-9383-4CD1-949E-5AB89534CE14}.Release|Win32.ActiveCfg = Release|Any CPU
		{D462F105-3C79-44DF-8BC6-37C1F4F4FC9E}.Debug|Any CPU.ActiveCfg = Debug|Any CPU
		{D462F105-3C79-44DF-8BC6-37C1F4F4FC9E}.Debug|Any CPU.Build.0 = Debug|Any CPU
		{D462F105-3C79-44DF-8BC6-37C1F4F4FC9E}.Debug|Mixed Platforms.ActiveCfg = Debug|Any CPU
		{D462F105-3C79-44DF-8BC6-37C1F4F4FC9E}.Debug|Mixed Platforms.Build.0 = Debug|Any CPU
		{D462F105-3C79-44DF-8BC6-37C1F4F4FC9E}.Debug|Win32.ActiveCfg = Debug|Any CPU
		{D462F105-3C79-44DF-8BC6-37C1F4F4FC9E}.Release|Any CPU.ActiveCfg = Release|Any CPU
		{D462F105-3C79-44DF-8BC6-37C1F4F4FC9E}.Release|Any CPU.Build.0 = Release|Any CPU
		{D462F105-3C79-44DF-8BC6-37C1F4F4FC9E}.Release|Mixed Platforms.ActiveCfg = Release|Any CPU
		{D462F105-3C79-44DF-8BC6-37C1F4F4FC9E}.Release|Mixed Platforms.Build.0 = Release|Any CPU
		{D462F105-3C79-44DF-8BC6-37C1F4F4FC9E}.Release|Win32.ActiveCfg = Release|Any CPU
		{684ABD9C-F136-4A43-B2A0-9B88F1031C53}.Debug|Any CPU.ActiveCfg = Debug|Any CPU
		{684ABD9C-F136-4A43-B2A0-9B88F1031C53}.Debug|Any CPU.Build.0 = Debug|Any CPU
		{684ABD9C-F136-4A43-B2A0-9B88F1031C53}.Debug|Mixed Platforms.ActiveCfg = Debug|Any CPU
		{684ABD9C-F136-4A43-B2A0-9B88F1031C53}.Debug|Mixed Platforms.Build.0 = Debug|Any CPU
		{684ABD9C-F136-4A43-B2A0-9B88F1031C53}.Debug|Win32.ActiveCfg = Debug|Any CPU
		{684ABD9C-F136-4A43-B2A0-9B88F1031C53}.Release|Any CPU.ActiveCfg = Release|Any CPU
		{684ABD9C-F136-4A43-B2A0-9B88F1031C53}.Release|Any CPU.Build.0 = Release|Any CPU
		{684ABD9C-F136-4A43-B2A0-9B88F1031C53}.Release|Mixed Platforms.ActiveCfg = Release|Any CPU
		{684ABD9C-F136-4A43-B2A0-9B88F1031C53}.Release|Mixed Platforms.Build.0 = Release|Any CPU
		{684ABD9C-F136-4A43-B2A0-9B88F1031C53}.Release|Win32.ActiveCfg = Release|Any CPU
		{FDEEE310-A872-4F5F-8F0F-5775A5585EB8}.Debug|Any CPU.ActiveCfg = Debug|Any CPU
		{FDEEE310-A872-4F5F-8F0F-5775A5585EB8}.Debug|Any CPU.Build.0 = Debug|Any CPU
		{FDEEE310-A872-4F5F-8F0F-5775A5585EB8}.Debug|Mixed Platforms.ActiveCfg = Debug|Any CPU
		{FDEEE310-A872-4F5F-8F0F-5775A5585EB8}.Debug|Mixed Platforms.Build.0 = Debug|Any CPU
		{FDEEE310-A872-4F5F-8F0F-5775A5585EB8}.Debug|Win32.ActiveCfg = Debug|Any CPU
		{FDEEE310-A872-4F5F-8F0F-5775A5585EB8}.Release|Any CPU.ActiveCfg = Release|Any CPU
		{FDEEE310-A872-4F5F-8F0F-5775A5585EB8}.Release|Any CPU.Build.0 = Release|Any CPU
		{FDEEE310-A872-4F5F-8F0F-5775A5585EB8}.Release|Mixed Platforms.ActiveCfg = Release|Any CPU
		{FDEEE310-A872-4F5F-8F0F-5775A5585EB8}.Release|Mixed Platforms.Build.0 = Release|Any CPU
		{FDEEE310-A872-4F5F-8F0F-5775A5585EB8}.Release|Win32.ActiveCfg = Release|Any CPU
		{C652D472-6B92-4A00-83DA-2836FCA1C545}.Debug|Any CPU.ActiveCfg = Debug|Any CPU
		{C652D472-6B92-4A00-83DA-2836FCA1C545}.Debug|Any CPU.Build.0 = Debug|Any CPU
		{C652D472-6B92-4A00-83DA-2836FCA1C545}.Debug|Mixed Platforms.ActiveCfg = Debug|Any CPU
		{C652D472-6B92-4A00-83DA-2836FCA1C545}.Debug|Mixed Platforms.Build.0 = Debug|Any CPU
		{C652D472-6B92-4A00-83DA-2836FCA1C545}.Debug|Win32.ActiveCfg = Debug|Any CPU
		{C652D472-6B92-4A00-83DA-2836FCA1C545}.Release|Any CPU.ActiveCfg = Release|Any CPU
		{C652D472-6B92-4A00-83DA-2836FCA1C545}.Release|Any CPU.Build.0 = Release|Any CPU
		{C652D472-6B92-4A00-83DA-2836FCA1C545}.Release|Mixed Platforms.ActiveCfg = Release|Any CPU
		{C652D472-6B92-4A00-83DA-2836FCA1C545}.Release|Mixed Platforms.Build.0 = Release|Any CPU
		{C652D472-6B92-4A00-83DA-2836FCA1C545}.Release|Win32.ActiveCfg = Release|Any CPU
		{79F2B873-B8CF-4BF3-A685-7F12F0BE85BE}.Debug|Any CPU.ActiveCfg = Debug|Any CPU
		{79F2B873-B8CF-4BF3-A685-7F12F0BE85BE}.Debug|Any CPU.Build.0 = Debug|Any CPU
		{79F2B873-B8CF-4BF3-A685-7F12F0BE85BE}.Debug|Mixed Platforms.ActiveCfg = Debug|Any CPU
		{79F2B873-B8CF-4BF3-A685-7F12F0BE85BE}.Debug|Mixed Platforms.Build.0 = Debug|Any CPU
		{79F2B873-B8CF-4BF3-A685-7F12F0BE85BE}.Debug|Win32.ActiveCfg = Debug|Any CPU
		{79F2B873-B8CF-4BF3-A685-7F12F0BE85BE}.Release|Any CPU.ActiveCfg = Release|Any CPU
		{79F2B873-B8CF-4BF3-A685-7F12F0BE85BE}.Release|Any CPU.Build.0 = Release|Any CPU
		{79F2B873-B8CF-4BF3-A685-7F12F0BE85BE}.Release|Mixed Platforms.ActiveCfg = Release|Any CPU
		{79F2B873-B8CF-4BF3-A685-7F12F0BE85BE}.Release|Mixed Platforms.Build.0 = Release|Any CPU
		{79F2B873-B8CF-4BF3-A685-7F12F0BE85BE}.Release|Win32.ActiveCfg = Release|Any CPU
		{932721C5-E124-493F-8924-4E1D9C5F5845}.Debug|Any CPU.ActiveCfg = Debug|Any CPU
		{932721C5-E124-493F-8924-4E1D9C5F5845}.Debug|Any CPU.Build.0 = Debug|Any CPU
		{932721C5-E124-493F-8924-4E1D9C5F5845}.Debug|Mixed Platforms.ActiveCfg = Debug|Any CPU
		{932721C5-E124-493F-8924-4E1D9C5F5845}.Debug|Mixed Platforms.Build.0 = Debug|Any CPU
		{932721C5-E124-493F-8924-4E1D9C5F5845}.Debug|Win32.ActiveCfg = Debug|Any CPU
		{932721C5-E124-493F-8924-4E1D9C5F5845}.Release|Any CPU.ActiveCfg = Release|Any CPU
		{932721C5-E124-493F-8924-4E1D9C5F5845}.Release|Any CPU.Build.0 = Release|Any CPU
		{932721C5-E124-493F-8924-4E1D9C5F5845}.Release|Mixed Platforms.ActiveCfg = Release|Any CPU
		{932721C5-E124-493F-8924-4E1D9C5F5845}.Release|Mixed Platforms.Build.0 = Release|Any CPU
		{932721C5-E124-493F-8924-4E1D9C5F5845}.Release|Win32.ActiveCfg = Release|Any CPU
		{51CA09BD-C84B-4637-8E6E-34B3D988B4B3}.Debug|Any CPU.ActiveCfg = Debug|Any CPU
		{51CA09BD-C84B-4637-8E6E-34B3D988B4B3}.Debug|Any CPU.Build.0 = Debug|Any CPU
		{51CA09BD-C84B-4637-8E6E-34B3D988B4B3}.Debug|Mixed Platforms.ActiveCfg = Debug|Any CPU
		{51CA09BD-C84B-4637-8E6E-34B3D988B4B3}.Debug|Mixed Platforms.Build.0 = Debug|Any CPU
		{51CA09BD-C84B-4637-8E6E-34B3D988B4B3}.Debug|Win32.ActiveCfg = Debug|Any CPU
		{51CA09BD-C84B-4637-8E6E-34B3D988B4B3}.Release|Any CPU.ActiveCfg = Release|Any CPU
		{51CA09BD-C84B-4637-8E6E-34B3D988B4B3}.Release|Any CPU.Build.0 = Release|Any CPU
		{51CA09BD-C84B-4637-8E6E-34B3D988B4B3}.Release|Mixed Platforms.ActiveCfg = Release|Any CPU
		{51CA09BD-C84B-4637-8E6E-34B3D988B4B3}.Release|Mixed Platforms.Build.0 = Release|Any CPU
		{51CA09BD-C84B-4637-8E6E-34B3D988B4B3}.Release|Win32.ActiveCfg = Release|Any CPU
		{E9C67289-49F2-4ADC-AE83-7461AA045343}.Debug|Any CPU.ActiveCfg = Debug|Any CPU
		{E9C67289-49F2-4ADC-AE83-7461AA045343}.Debug|Any CPU.Build.0 = Debug|Any CPU
		{E9C67289-49F2-4ADC-AE83-7461AA045343}.Debug|Mixed Platforms.ActiveCfg = Debug|Any CPU
		{E9C67289-49F2-4ADC-AE83-7461AA045343}.Debug|Mixed Platforms.Build.0 = Debug|Any CPU
		{E9C67289-49F2-4ADC-AE83-7461AA045343}.Debug|Win32.ActiveCfg = Debug|Any CPU
		{E9C67289-49F2-4ADC-AE83-7461AA045343}.Release|Any CPU.ActiveCfg = Release|Any CPU
		{E9C67289-49F2-4ADC-AE83-7461AA045343}.Release|Any CPU.Build.0 = Release|Any CPU
		{E9C67289-49F2-4ADC-AE83-7461AA045343}.Release|Mixed Platforms.ActiveCfg = Release|Any CPU
		{E9C67289-49F2-4ADC-AE83-7461AA045343}.Release|Mixed Platforms.Build.0 = Release|Any CPU
		{E9C67289-49F2-4ADC-AE83-7461AA045343}.Release|Win32.ActiveCfg = Release|Any CPU
		{58771235-CC0D-4D04-BE1A-F369518AD0F7}.Debug|Any CPU.ActiveCfg = Debug|Any CPU
		{58771235-CC0D-4D04-BE1A-F369518AD0F7}.Debug|Any CPU.Build.0 = Debug|Any CPU
		{58771235-CC0D-4D04-BE1A-F369518AD0F7}.Debug|Mixed Platforms.ActiveCfg = Debug|Any CPU
		{58771235-CC0D-4D04-BE1A-F369518AD0F7}.Debug|Mixed Platforms.Build.0 = Debug|Any CPU
		{58771235-CC0D-4D04-BE1A-F369518AD0F7}.Debug|Win32.ActiveCfg = Debug|Any CPU
		{58771235-CC0D-4D04-BE1A-F369518AD0F7}.Release|Any CPU.ActiveCfg = Release|Any CPU
		{58771235-CC0D-4D04-BE1A-F369518AD0F7}.Release|Any CPU.Build.0 = Release|Any CPU
		{58771235-CC0D-4D04-BE1A-F369518AD0F7}.Release|Mixed Platforms.ActiveCfg = Release|Any CPU
		{58771235-CC0D-4D04-BE1A-F369518AD0F7}.Release|Mixed Platforms.Build.0 = Release|Any CPU
		{58771235-CC0D-4D04-BE1A-F369518AD0F7}.Release|Win32.ActiveCfg = Release|Any CPU
		{BC004422-CCA3-47BD-9B28-FAE930DFC8D1}.Debug|Any CPU.ActiveCfg = Debug|Any CPU
		{BC004422-CCA3-47BD-9B28-FAE930DFC8D1}.Debug|Any CPU.Build.0 = Debug|Any CPU
		{BC004422-CCA3-47BD-9B28-FAE930DFC8D1}.Debug|Mixed Platforms.ActiveCfg = Debug|Any CPU
		{BC004422-CCA3-47BD-9B28-FAE930DFC8D1}.Debug|Mixed Platforms.Build.0 = Debug|Any CPU
		{BC004422-CCA3-47BD-9B28-FAE930DFC8D1}.Debug|Win32.ActiveCfg = Debug|Any CPU
		{BC004422-CCA3-47BD-9B28-FAE930DFC8D1}.Release|Any CPU.ActiveCfg = Release|Any CPU
		{BC004422-CCA3-47BD-9B28-FAE930DFC8D1}.Release|Any CPU.Build.0 = Release|Any CPU
		{BC004422-CCA3-47BD-9B28-FAE930DFC8D1}.Release|Mixed Platforms.ActiveCfg = Release|Any CPU
		{BC004422-CCA3-47BD-9B28-FAE930DFC8D1}.Release|Mixed Platforms.Build.0 = Release|Any CPU
		{BC004422-CCA3-47BD-9B28-FAE930DFC8D1}.Release|Win32.ActiveCfg = Release|Any CPU
		{19FFCFFF-348F-4662-97D3-6409214724E0}.Debug|Any CPU.ActiveCfg = Debug|Any CPU
		{19FFCFFF-348F-4662-97D3-6409214724E0}.Debug|Any CPU.Build.0 = Debug|Any CPU
		{19FFCFFF-348F-4662-97D3-6409214724E0}.Debug|Mixed Platforms.ActiveCfg = Debug|Any CPU
		{19FFCFFF-348F-4662-97D3-6409214724E0}.Debug|Mixed Platforms.Build.0 = Debug|Any CPU
		{19FFCFFF-348F-4662-97D3-6409214724E0}.Debug|Win32.ActiveCfg = Debug|Any CPU
		{19FFCFFF-348F-4662-97D3-6409214724E0}.Release|Any CPU.ActiveCfg = Release|Any CPU
		{19FFCFFF-348F-4662-97D3-6409214724E0}.Release|Any CPU.Build.0 = Release|Any CPU
		{19FFCFFF-348F-4662-97D3-6409214724E0}.Release|Mixed Platforms.ActiveCfg = Release|Any CPU
		{19FFCFFF-348F-4662-97D3-6409214724E0}.Release|Mixed Platforms.Build.0 = Release|Any CPU
		{19FFCFFF-348F-4662-97D3-6409214724E0}.Release|Win32.ActiveCfg = Release|Any CPU
		{1C9A3414-660D-4A2D-A126-A22B6AFD6E69}.Debug|Any CPU.ActiveCfg = Debug|Any CPU
		{1C9A3414-660D-4A2D-A126-A22B6AFD6E69}.Debug|Any CPU.Build.0 = Debug|Any CPU
		{1C9A3414-660D-4A2D-A126-A22B6AFD6E69}.Debug|Mixed Platforms.ActiveCfg = Debug|Any CPU
		{1C9A3414-660D-4A2D-A126-A22B6AFD6E69}.Debug|Mixed Platforms.Build.0 = Debug|Any CPU
		{1C9A3414-660D-4A2D-A126-A22B6AFD6E69}.Debug|Win32.ActiveCfg = Debug|Any CPU
		{1C9A3414-660D-4A2D-A126-A22B6AFD6E69}.Release|Any CPU.ActiveCfg = Release|Any CPU
		{1C9A3414-660D-4A2D-A126-A22B6AFD6E69}.Release|Any CPU.Build.0 = Release|Any CPU
		{1C9A3414-660D-4A2D-A126-A22B6AFD6E69}.Release|Mixed Platforms.ActiveCfg = Release|Any CPU
		{1C9A3414-660D-4A2D-A126-A22B6AFD6E69}.Release|Mixed Platforms.Build.0 = Release|Any CPU
		{1C9A3414-660D-4A2D-A126-A22B6AFD6E69}.Release|Win32.ActiveCfg = Release|Any CPU
		{31F66F50-EC8B-4A0D-A5EC-15D0B6A5A55C}.Debug|Any CPU.ActiveCfg = Debug|Win32
		{31F66F50-EC8B-4A0D-A5EC-15D0B6A5A55C}.Debug|Mixed Platforms.ActiveCfg = Debug|Win32
		{31F66F50-EC8B-4A0D-A5EC-15D0B6A5A55C}.Debug|Mixed Platforms.Build.0 = Debug|Win32
		{31F66F50-EC8B-4A0D-A5EC-15D0B6A5A55C}.Debug|Win32.ActiveCfg = Debug|Win32
		{31F66F50-EC8B-4A0D-A5EC-15D0B6A5A55C}.Debug|Win32.Build.0 = Debug|Win32
		{31F66F50-EC8B-4A0D-A5EC-15D0B6A5A55C}.Release|Any CPU.ActiveCfg = Release|Win32
		{31F66F50-EC8B-4A0D-A5EC-15D0B6A5A55C}.Release|Mixed Platforms.ActiveCfg = Release|Win32
		{31F66F50-EC8B-4A0D-A5EC-15D0B6A5A55C}.Release|Mixed Platforms.Build.0 = Release|Win32
		{31F66F50-EC8B-4A0D-A5EC-15D0B6A5A55C}.Release|Win32.ActiveCfg = Release|Win32
		{31F66F50-EC8B-4A0D-A5EC-15D0B6A5A55C}.Release|Win32.Build.0 = Release|Win32
		{1C61BCE8-F71A-4A64-9E1F-220214063329}.Debug|Any CPU.ActiveCfg = Debug|Any CPU
		{1C61BCE8-F71A-4A64-9E1F-220214063329}.Debug|Any CPU.Build.0 = Debug|Any CPU
		{1C61BCE8-F71A-4A64-9E1F-220214063329}.Debug|Mixed Platforms.ActiveCfg = Debug|Any CPU
		{1C61BCE8-F71A-4A64-9E1F-220214063329}.Debug|Mixed Platforms.Build.0 = Debug|Any CPU
		{1C61BCE8-F71A-4A64-9E1F-220214063329}.Debug|Win32.ActiveCfg = Debug|Any CPU
		{1C61BCE8-F71A-4A64-9E1F-220214063329}.Release|Any CPU.ActiveCfg = Release|Any CPU
		{1C61BCE8-F71A-4A64-9E1F-220214063329}.Release|Any CPU.Build.0 = Release|Any CPU
		{1C61BCE8-F71A-4A64-9E1F-220214063329}.Release|Mixed Platforms.ActiveCfg = Release|Any CPU
		{1C61BCE8-F71A-4A64-9E1F-220214063329}.Release|Mixed Platforms.Build.0 = Release|Any CPU
		{1C61BCE8-F71A-4A64-9E1F-220214063329}.Release|Win32.ActiveCfg = Release|Any CPU
		{E9BDBBC8-8A4D-4E1C-A2B4-76BB61CF9631}.Debug|Any CPU.ActiveCfg = Debug|Any CPU
		{E9BDBBC8-8A4D-4E1C-A2B4-76BB61CF9631}.Debug|Any CPU.Build.0 = Debug|Any CPU
		{E9BDBBC8-8A4D-4E1C-A2B4-76BB61CF9631}.Debug|Mixed Platforms.ActiveCfg = Debug|Any CPU
		{E9BDBBC8-8A4D-4E1C-A2B4-76BB61CF9631}.Debug|Mixed Platforms.Build.0 = Debug|Any CPU
		{E9BDBBC8-8A4D-4E1C-A2B4-76BB61CF9631}.Debug|Win32.ActiveCfg = Debug|Any CPU
		{E9BDBBC8-8A4D-4E1C-A2B4-76BB61CF9631}.Release|Any CPU.ActiveCfg = Release|Any CPU
		{E9BDBBC8-8A4D-4E1C-A2B4-76BB61CF9631}.Release|Any CPU.Build.0 = Release|Any CPU
		{E9BDBBC8-8A4D-4E1C-A2B4-76BB61CF9631}.Release|Mixed Platforms.ActiveCfg = Release|Any CPU
		{E9BDBBC8-8A4D-4E1C-A2B4-76BB61CF9631}.Release|Mixed Platforms.Build.0 = Release|Any CPU
		{E9BDBBC8-8A4D-4E1C-A2B4-76BB61CF9631}.Release|Win32.ActiveCfg = Release|Any CPU
		{12657227-3AB5-4C6D-82C9-3DB9A3F3CD60}.Debug|Any CPU.ActiveCfg = Debug|Any CPU
		{12657227-3AB5-4C6D-82C9-3DB9A3F3CD60}.Debug|Any CPU.Build.0 = Debug|Any CPU
		{12657227-3AB5-4C6D-82C9-3DB9A3F3CD60}.Debug|Mixed Platforms.ActiveCfg = Debug|Any CPU
		{12657227-3AB5-4C6D-82C9-3DB9A3F3CD60}.Debug|Mixed Platforms.Build.0 = Debug|Any CPU
		{12657227-3AB5-4C6D-82C9-3DB9A3F3CD60}.Debug|Win32.ActiveCfg = Debug|Any CPU
		{12657227-3AB5-4C6D-82C9-3DB9A3F3CD60}.Release|Any CPU.ActiveCfg = Release|Any CPU
		{12657227-3AB5-4C6D-82C9-3DB9A3F3CD60}.Release|Any CPU.Build.0 = Release|Any CPU
		{12657227-3AB5-4C6D-82C9-3DB9A3F3CD60}.Release|Mixed Platforms.ActiveCfg = Release|Any CPU
		{12657227-3AB5-4C6D-82C9-3DB9A3F3CD60}.Release|Mixed Platforms.Build.0 = Release|Any CPU
		{12657227-3AB5-4C6D-82C9-3DB9A3F3CD60}.Release|Win32.ActiveCfg = Release|Any CPU
		{196872DB-3227-497A-8C6A-3F3CB64AF1E7}.Debug|Any CPU.ActiveCfg = Debug|Win32
		{196872DB-3227-497A-8C6A-3F3CB64AF1E7}.Debug|Mixed Platforms.ActiveCfg = Debug|Win32
		{196872DB-3227-497A-8C6A-3F3CB64AF1E7}.Debug|Mixed Platforms.Build.0 = Debug|Win32
		{196872DB-3227-497A-8C6A-3F3CB64AF1E7}.Debug|Win32.ActiveCfg = Debug|Win32
		{196872DB-3227-497A-8C6A-3F3CB64AF1E7}.Debug|Win32.Build.0 = Debug|Win32
		{196872DB-3227-497A-8C6A-3F3CB64AF1E7}.Release|Any CPU.ActiveCfg = Release|Win32
		{196872DB-3227-497A-8C6A-3F3CB64AF1E7}.Release|Mixed Platforms.ActiveCfg = Release|Win32
		{196872DB-3227-497A-8C6A-3F3CB64AF1E7}.Release|Mixed Platforms.Build.0 = Release|Win32
		{196872DB-3227-497A-8C6A-3F3CB64AF1E7}.Release|Win32.ActiveCfg = Release|Win32
		{196872DB-3227-497A-8C6A-3F3CB64AF1E7}.Release|Win32.Build.0 = Release|Win32
		{6AED2A8A-2000-4925-9426-1E7C86C98388}.Debug|Any CPU.ActiveCfg = Debug|Any CPU
		{6AED2A8A-2000-4925-9426-1E7C86C98388}.Debug|Any CPU.Build.0 = Debug|Any CPU
		{6AED2A8A-2000-4925-9426-1E7C86C98388}.Debug|Mixed Platforms.ActiveCfg = Debug|Any CPU
		{6AED2A8A-2000-4925-9426-1E7C86C98388}.Debug|Mixed Platforms.Build.0 = Debug|Any CPU
		{6AED2A8A-2000-4925-9426-1E7C86C98388}.Debug|Win32.ActiveCfg = Debug|Any CPU
		{6AED2A8A-2000-4925-9426-1E7C86C98388}.Release|Any CPU.ActiveCfg = Release|Any CPU
		{6AED2A8A-2000-4925-9426-1E7C86C98388}.Release|Any CPU.Build.0 = Release|Any CPU
		{6AED2A8A-2000-4925-9426-1E7C86C98388}.Release|Mixed Platforms.ActiveCfg = Release|Any CPU
		{6AED2A8A-2000-4925-9426-1E7C86C98388}.Release|Mixed Platforms.Build.0 = Release|Any CPU
		{6AED2A8A-2000-4925-9426-1E7C86C98388}.Release|Win32.ActiveCfg = Release|Any CPU
		{44F82D42-ADB0-426F-A8B4-3E64460F4919}.Debug|Any CPU.ActiveCfg = Debug|Any CPU
		{44F82D42-ADB0-426F-A8B4-3E64460F4919}.Debug|Any CPU.Build.0 = Debug|Any CPU
		{44F82D42-ADB0-426F-A8B4-3E64460F4919}.Debug|Mixed Platforms.ActiveCfg = Debug|Any CPU
		{44F82D42-ADB0-426F-A8B4-3E64460F4919}.Debug|Mixed Platforms.Build.0 = Debug|Any CPU
		{44F82D42-ADB0-426F-A8B4-3E64460F4919}.Debug|Win32.ActiveCfg = Debug|Any CPU
		{44F82D42-ADB0-426F-A8B4-3E64460F4919}.Release|Any CPU.ActiveCfg = Release|Any CPU
		{44F82D42-ADB0-426F-A8B4-3E64460F4919}.Release|Any CPU.Build.0 = Release|Any CPU
		{44F82D42-ADB0-426F-A8B4-3E64460F4919}.Release|Mixed Platforms.ActiveCfg = Release|Any CPU
		{44F82D42-ADB0-426F-A8B4-3E64460F4919}.Release|Mixed Platforms.Build.0 = Release|Any CPU
		{44F82D42-ADB0-426F-A8B4-3E64460F4919}.Release|Win32.ActiveCfg = Release|Any CPU
		{99D117D0-4420-4648-BBE0-649F3913393A}.Debug|Any CPU.ActiveCfg = Debug|Any CPU
		{99D117D0-4420-4648-BBE0-649F3913393A}.Debug|Any CPU.Build.0 = Debug|Any CPU
		{99D117D0-4420-4648-BBE0-649F3913393A}.Debug|Mixed Platforms.ActiveCfg = Debug|Any CPU
		{99D117D0-4420-4648-BBE0-649F3913393A}.Debug|Mixed Platforms.Build.0 = Debug|Any CPU
		{99D117D0-4420-4648-BBE0-649F3913393A}.Debug|Win32.ActiveCfg = Debug|Any CPU
		{99D117D0-4420-4648-BBE0-649F3913393A}.Release|Any CPU.ActiveCfg = Release|Any CPU
		{99D117D0-4420-4648-BBE0-649F3913393A}.Release|Any CPU.Build.0 = Release|Any CPU
		{99D117D0-4420-4648-BBE0-649F3913393A}.Release|Mixed Platforms.ActiveCfg = Release|Any CPU
		{99D117D0-4420-4648-BBE0-649F3913393A}.Release|Mixed Platforms.Build.0 = Release|Any CPU
		{99D117D0-4420-4648-BBE0-649F3913393A}.Release|Win32.ActiveCfg = Release|Any CPU
		{C3F16F16-69C8-4B87-97B1-9671781E8A8B}.Debug|Any CPU.ActiveCfg = Debug|Any CPU
		{C3F16F16-69C8-4B87-97B1-9671781E8A8B}.Debug|Any CPU.Build.0 = Debug|Any CPU
		{C3F16F16-69C8-4B87-97B1-9671781E8A8B}.Debug|Mixed Platforms.ActiveCfg = Debug|Any CPU
		{C3F16F16-69C8-4B87-97B1-9671781E8A8B}.Debug|Mixed Platforms.Build.0 = Debug|Any CPU
		{C3F16F16-69C8-4B87-97B1-9671781E8A8B}.Debug|Win32.ActiveCfg = Debug|Any CPU
		{C3F16F16-69C8-4B87-97B1-9671781E8A8B}.Release|Any CPU.ActiveCfg = Release|Any CPU
		{C3F16F16-69C8-4B87-97B1-9671781E8A8B}.Release|Any CPU.Build.0 = Release|Any CPU
		{C3F16F16-69C8-4B87-97B1-9671781E8A8B}.Release|Mixed Platforms.ActiveCfg = Release|Any CPU
		{C3F16F16-69C8-4B87-97B1-9671781E8A8B}.Release|Mixed Platforms.Build.0 = Release|Any CPU
		{C3F16F16-69C8-4B87-97B1-9671781E8A8B}.Release|Win32.ActiveCfg = Release|Any CPU
		{C14D3913-3D08-4161-94D6-28601E30DC39}.Debug|Any CPU.ActiveCfg = Debug|Any CPU
		{C14D3913-3D08-4161-94D6-28601E30DC39}.Debug|Any CPU.Build.0 = Debug|Any CPU
		{C14D3913-3D08-4161-94D6-28601E30DC39}.Debug|Mixed Platforms.ActiveCfg = Debug|Any CPU
		{C14D3913-3D08-4161-94D6-28601E30DC39}.Debug|Mixed Platforms.Build.0 = Debug|Any CPU
		{C14D3913-3D08-4161-94D6-28601E30DC39}.Debug|Win32.ActiveCfg = Debug|Any CPU
		{C14D3913-3D08-4161-94D6-28601E30DC39}.Release|Any CPU.ActiveCfg = Release|Any CPU
		{C14D3913-3D08-4161-94D6-28601E30DC39}.Release|Any CPU.Build.0 = Release|Any CPU
		{C14D3913-3D08-4161-94D6-28601E30DC39}.Release|Mixed Platforms.ActiveCfg = Release|Any CPU
		{C14D3913-3D08-4161-94D6-28601E30DC39}.Release|Mixed Platforms.Build.0 = Release|Any CPU
		{C14D3913-3D08-4161-94D6-28601E30DC39}.Release|Win32.ActiveCfg = Release|Any CPU
		{9AFBB912-2D00-437A-97D9-D8DBDAFA92A2}.Debug|Any CPU.ActiveCfg = Debug|Any CPU
		{9AFBB912-2D00-437A-97D9-D8DBDAFA92A2}.Debug|Any CPU.Build.0 = Debug|Any CPU
		{9AFBB912-2D00-437A-97D9-D8DBDAFA92A2}.Debug|Mixed Platforms.ActiveCfg = Debug|Any CPU
		{9AFBB912-2D00-437A-97D9-D8DBDAFA92A2}.Debug|Mixed Platforms.Build.0 = Debug|Any CPU
		{9AFBB912-2D00-437A-97D9-D8DBDAFA92A2}.Debug|Win32.ActiveCfg = Debug|Any CPU
		{9AFBB912-2D00-437A-97D9-D8DBDAFA92A2}.Release|Any CPU.ActiveCfg = Release|Any CPU
		{9AFBB912-2D00-437A-97D9-D8DBDAFA92A2}.Release|Any CPU.Build.0 = Release|Any CPU
		{9AFBB912-2D00-437A-97D9-D8DBDAFA92A2}.Release|Mixed Platforms.ActiveCfg = Release|Any CPU
		{9AFBB912-2D00-437A-97D9-D8DBDAFA92A2}.Release|Mixed Platforms.Build.0 = Release|Any CPU
		{9AFBB912-2D00-437A-97D9-D8DBDAFA92A2}.Release|Win32.ActiveCfg = Release|Any CPU
		{87452E96-2B5F-4489-ADA9-632B6A25D4B9}.Debug|Any CPU.ActiveCfg = Debug|Any CPU
		{87452E96-2B5F-4489-ADA9-632B6A25D4B9}.Debug|Any CPU.Build.0 = Debug|Any CPU
		{87452E96-2B5F-4489-ADA9-632B6A25D4B9}.Debug|Mixed Platforms.ActiveCfg = Debug|Any CPU
		{87452E96-2B5F-4489-ADA9-632B6A25D4B9}.Debug|Mixed Platforms.Build.0 = Debug|Any CPU
		{87452E96-2B5F-4489-ADA9-632B6A25D4B9}.Debug|Win32.ActiveCfg = Debug|Any CPU
		{87452E96-2B5F-4489-ADA9-632B6A25D4B9}.Release|Any CPU.ActiveCfg = Release|Any CPU
		{87452E96-2B5F-4489-ADA9-632B6A25D4B9}.Release|Any CPU.Build.0 = Release|Any CPU
		{87452E96-2B5F-4489-ADA9-632B6A25D4B9}.Release|Mixed Platforms.ActiveCfg = Release|Any CPU
		{87452E96-2B5F-4489-ADA9-632B6A25D4B9}.Release|Mixed Platforms.Build.0 = Release|Any CPU
		{87452E96-2B5F-4489-ADA9-632B6A25D4B9}.Release|Win32.ActiveCfg = Release|Any CPU
		{39780710-2C4C-4277-8DE7-667F72F18F86}.Debug|Any CPU.ActiveCfg = Debug|Any CPU
		{39780710-2C4C-4277-8DE7-667F72F18F86}.Debug|Any CPU.Build.0 = Debug|Any CPU
		{39780710-2C4C-4277-8DE7-667F72F18F86}.Debug|Mixed Platforms.ActiveCfg = Debug|Any CPU
		{39780710-2C4C-4277-8DE7-667F72F18F86}.Debug|Mixed Platforms.Build.0 = Debug|Any CPU
		{39780710-2C4C-4277-8DE7-667F72F18F86}.Debug|Win32.ActiveCfg = Debug|Any CPU
		{39780710-2C4C-4277-8DE7-667F72F18F86}.Release|Any CPU.ActiveCfg = Release|Any CPU
		{39780710-2C4C-4277-8DE7-667F72F18F86}.Release|Any CPU.Build.0 = Release|Any CPU
		{39780710-2C4C-4277-8DE7-667F72F18F86}.Release|Mixed Platforms.ActiveCfg = Release|Any CPU
		{39780710-2C4C-4277-8DE7-667F72F18F86}.Release|Mixed Platforms.Build.0 = Release|Any CPU
		{39780710-2C4C-4277-8DE7-667F72F18F86}.Release|Win32.ActiveCfg = Release|Any CPU
		{184822F4-07F4-45EE-BEB2-718F18A0092F}.Debug|Any CPU.ActiveCfg = Debug|Any CPU
		{184822F4-07F4-45EE-BEB2-718F18A0092F}.Debug|Any CPU.Build.0 = Debug|Any CPU
		{184822F4-07F4-45EE-BEB2-718F18A0092F}.Debug|Mixed Platforms.ActiveCfg = Debug|Any CPU
		{184822F4-07F4-45EE-BEB2-718F18A0092F}.Debug|Mixed Platforms.Build.0 = Debug|Any CPU
		{184822F4-07F4-45EE-BEB2-718F18A0092F}.Debug|Win32.ActiveCfg = Debug|Any CPU
		{184822F4-07F4-45EE-BEB2-718F18A0092F}.Release|Any CPU.ActiveCfg = Release|Any CPU
		{184822F4-07F4-45EE-BEB2-718F18A0092F}.Release|Any CPU.Build.0 = Release|Any CPU
		{184822F4-07F4-45EE-BEB2-718F18A0092F}.Release|Mixed Platforms.ActiveCfg = Release|Any CPU
		{184822F4-07F4-45EE-BEB2-718F18A0092F}.Release|Mixed Platforms.Build.0 = Release|Any CPU
		{184822F4-07F4-45EE-BEB2-718F18A0092F}.Release|Win32.ActiveCfg = Release|Any CPU
		{D1C8A9F9-1AFF-401D-AC24-68A205873BE1}.Debug|Any CPU.ActiveCfg = Debug|Any CPU
		{D1C8A9F9-1AFF-401D-AC24-68A205873BE1}.Debug|Any CPU.Build.0 = Debug|Any CPU
		{D1C8A9F9-1AFF-401D-AC24-68A205873BE1}.Debug|Mixed Platforms.ActiveCfg = Debug|Any CPU
		{D1C8A9F9-1AFF-401D-AC24-68A205873BE1}.Debug|Mixed Platforms.Build.0 = Debug|Any CPU
		{D1C8A9F9-1AFF-401D-AC24-68A205873BE1}.Debug|Win32.ActiveCfg = Debug|Any CPU
		{D1C8A9F9-1AFF-401D-AC24-68A205873BE1}.Release|Any CPU.ActiveCfg = Release|Any CPU
		{D1C8A9F9-1AFF-401D-AC24-68A205873BE1}.Release|Any CPU.Build.0 = Release|Any CPU
		{D1C8A9F9-1AFF-401D-AC24-68A205873BE1}.Release|Mixed Platforms.ActiveCfg = Release|Any CPU
		{D1C8A9F9-1AFF-401D-AC24-68A205873BE1}.Release|Mixed Platforms.Build.0 = Release|Any CPU
		{D1C8A9F9-1AFF-401D-AC24-68A205873BE1}.Release|Win32.ActiveCfg = Release|Any CPU
		{93A40335-A8F1-4C86-95D1-8563DF96B093}.Debug|Any CPU.ActiveCfg = Debug|Any CPU
		{93A40335-A8F1-4C86-95D1-8563DF96B093}.Debug|Any CPU.Build.0 = Debug|Any CPU
		{93A40335-A8F1-4C86-95D1-8563DF96B093}.Debug|Mixed Platforms.ActiveCfg = Debug|Any CPU
		{93A40335-A8F1-4C86-95D1-8563DF96B093}.Debug|Mixed Platforms.Build.0 = Debug|Any CPU
		{93A40335-A8F1-4C86-95D1-8563DF96B093}.Debug|Win32.ActiveCfg = Debug|Any CPU
		{93A40335-A8F1-4C86-95D1-8563DF96B093}.Release|Any CPU.ActiveCfg = Release|Any CPU
		{93A40335-A8F1-4C86-95D1-8563DF96B093}.Release|Any CPU.Build.0 = Release|Any CPU
		{93A40335-A8F1-4C86-95D1-8563DF96B093}.Release|Mixed Platforms.ActiveCfg = Release|Any CPU
		{93A40335-A8F1-4C86-95D1-8563DF96B093}.Release|Mixed Platforms.Build.0 = Release|Any CPU
		{93A40335-A8F1-4C86-95D1-8563DF96B093}.Release|Win32.ActiveCfg = Release|Any CPU
	EndGlobalSection
	GlobalSection(SolutionProperties) = preSolution
		HideSolutionNode = FALSE
	EndGlobalSection
EndGlobal
